
Microsoft Visual Studio Solution File, Format Version 12.00
# Visual Studio Version 17
VisualStudioVersion = 17.7.34018.315
MinimumVisualStudioVersion = 10.0.40219.1
Project("{FAE04EC0-301F-11D3-BF4B-00C04F79EFBC}") = "ANDRI_PBO_MODUL_TASK", "ANDRI_PBO_MODUL_TASK\ANDRI_PBO_MODUL_TASK.csproj", "{C475C89E-8674-4474-A05D-8836DF851D50}"
EndProject
Global
	GlobalSection(SolutionConfigurationPlatforms) = preSolution
		Debug|Any CPU = Debug|Any CPU
		Release|Any CPU = Release|Any CPU
	EndGlobalSection
	GlobalSection(ProjectConfigurationPlatforms) = postSolution
		{C475C89E-8674-4474-A05D-8836DF851D50}.Debug|Any CPU.ActiveCfg = Debug|Any CPU
		{C475C89E-8674-4474-A05D-8836DF851D50}.Debug|Any CPU.Build.0 = Debug|Any CPU
		{C475C89E-8674-4474-A05D-8836DF851D50}.Release|Any CPU.ActiveCfg = Release|Any CPU
		{C475C89E-8674-4474-A05D-8836DF851D50}.Release|Any CPU.Build.0 = Release|Any CPU
	EndGlobalSection
	GlobalSection(SolutionProperties) = preSolution
		HideSolutionNode = FALSE
	EndGlobalSection
	GlobalSection(ExtensibilityGlobals) = postSolution
		SolutionGuid = {91B233F3-81E6-437E-8F3B-71FF862CC4E7}
	EndGlobalSection
EndGlobal
